{
  "version": 4,
  "terraform_version": "1.5.3",
  "serial": 12,
  "lineage": "abc-123",
  "outputs": {
    "db_password": {
      "value": "s3cr3tP@ss!",
      "type": "string",
      "sensitive": true
    },
    "app_url": {
      "value": "https://myapp.example.com",
      "type": "string"
    }
  },
  "resources": [
    {
      "mode": "managed",
      "type": "aws_instance",
      "name": "web",
      "provider": "provider[\"registry.terraform.io/hashicorp/aws\"]",
      "instances": [
        {
          "schema_version": 1,
          "attributes": {
            "id": "i-0abc123def456",
            "instance_type": "t3.micro",
            "private_ip": "10.0.1.5",
            "public_ip": "54.12.34.56",
            "ami": "ami-0abcdef1234567890",
            "tags": { "env": "prod", "team": "platform" }
          },
          "dependencies": ["aws_security_group.main", "aws_subnet.public"]
        }
      ]
    },
    {
      "mode": "managed",
      "type": "aws_security_group",
      "name": "main",
      "provider": "provider[\"registry.terraform.io/hashicorp/aws\"]",
      "instances": [
        {
          "schema_version": 1,
          "attributes": {
            "id": "sg-0abc123",
            "name": "main-sg",
            "description": "Main security group"
          },
          "dependencies": []
        }
      ]
    },
    {
      "mode": "data",
      "type": "aws_ami",
      "name": "ubuntu",
      "provider": "provider[\"registry.terraform.io/hashicorp/aws\"]",
      "instances": [
        {
          "schema_version": 0,
          "attributes": {
            "id": "ami-0abcdef1234567890",
            "name": "ubuntu-22.04-amd64"
          },
          "dependencies": []
        }
      ]
    }
  ]
}
